// !$*UTF8*$!
{
	archiveVersion = 1;
	classes = {
	};
	objectVersion = 50;
	objects = {

/* Begin PBXBuildFile section */
		B4640B96243868600060B0B2 /* AppDelegate.swift in Sources */ = {isa = PBXBuildFile; fileRef = B4640B95243868600060B0B2 /* AppDelegate.swift */; };
		B4640B98243868600060B0B2 /* SceneDelegate.swift in Sources */ = {isa = PBXBuildFile; fileRef = B4640B97243868600060B0B2 /* SceneDelegate.swift */; };
		B4640B9A243868600060B0B2 /* ContentView.swift in Sources */ = {isa = PBXBuildFile; fileRef = B4640B99243868600060B0B2 /* ContentView.swift */; };
		B4640B9C243868610060B0B2 /* Assets.xcassets in Resources */ = {isa = PBXBuildFile; fileRef = B4640B9B243868610060B0B2 /* Assets.xcassets */; };
		B4640B9F243868610060B0B2 /* Preview Assets.xcassets in Resources */ = {isa = PBXBuildFile; fileRef = B4640B9E243868610060B0B2 /* Preview Assets.xcassets */; };
		B4640BA2243868610060B0B2 /* LaunchScreen.storyboard in Resources */ = {isa = PBXBuildFile; fileRef = B4640BA0243868610060B0B2 /* LaunchScreen.storyboard */; };
		B48D3FAB243A2660006B623E /* QuoteInput.swift in Sources */ = {isa = PBXBuildFile; fileRef = B48D3FAA243A2660006B623E /* QuoteInput.swift */; };
		B4AA4BB2244439DD0055A20F /* QuoteList.swift in Sources */ = {isa = PBXBuildFile; fileRef = B4AA4BB1244439DD0055A20F /* QuoteList.swift */; };
/* End PBXBuildFile section */

/* Begin PBXFileReference section */
		B4640B922438685F0060B0B2 /* Quote Guru.app */ = {isa = PBXFileReference; explicitFileType = wrapper.application; includeInIndex = 0; path = "Quote Guru.app"; sourceTree = BUILT_PRODUCTS_DIR; };
		B4640B95243868600060B0B2 /* AppDelegate.swift */ = {isa = PBXFileReference; lastKnownFileType = sourcecode.swift; path = AppDelegate.swift; sourceTree = "<group>"; };
		B4640B97243868600060B0B2 /* SceneDelegate.swift */ = {isa = PBXFileReference; lastKnownFileType = sourcecode.swift; path = SceneDelegate.swift; sourceTree = "<group>"; };
		B4640B99243868600060B0B2 /* ContentView.swift */ = {isa = PBXFileReference; lastKnownFileType = sourcecode.swift; path = ContentView.swift; sourceTree = "<group>"; };
		B4640B9B243868610060B0B2 /* Assets.xcassets */ = {isa = PBXFileReference; lastKnownFileType = folder.assetcatalog; path = Assets.xcassets; sourceTree = "<group>"; };
		B4640B9E243868610060B0B2 /* Preview Assets.xcassets */ = {isa = PBXFileReference; lastKnownFileType = folder.assetcatalog; path = "Preview Assets.xcassets"; sourceTree = "<group>"; };
		B4640BA1243868610060B0B2 /* Base */ = {isa = PBXFileReference; lastKnownFileType = file.storyboard; name = Base; path = Base.lproj/LaunchScreen.storyboard; sourceTree = "<group>"; };
		B4640BA3243868610060B0B2 /* Info.plist */ = {isa = PBXFileReference; lastKnownFileType = text.plist.xml; path = Info.plist; sourceTree = "<group>"; };
		B48D3FAA243A2660006B623E /* QuoteInput.swift */ = {isa = PBXFileReference; lastKnownFileType = sourcecode.swift; path = QuoteInput.swift; sourceTree = "<group>"; };
		B4AA4BB1244439DD0055A20F /* QuoteList.swift */ = {isa = PBXFileReference; lastKnownFileType = sourcecode.swift; path = QuoteList.swift; sourceTree = "<group>"; };
/* End PBXFileReference section */

/* Begin PBXFrameworksBuildPhase section */
		B4640B8F2438685F0060B0B2 /* Frameworks */ = {
			isa = PBXFrameworksBuildPhase;
			buildActionMask = 2147483647;
			files = (
			);
			runOnlyForDeploymentPostprocessing = 0;
		};
/* End PBXFrameworksBuildPhase section */

/* Begin PBXGroup section */
		B4640B892438685F0060B0B2 = {
			isa = PBXGroup;
			children = (
				B4640B942438685F0060B0B2 /* Quotes */,
				B4640B932438685F0060B0B2 /* Products */,
			);
			sourceTree = "<group>";
		};
		B4640B932438685F0060B0B2 /* Products */ = {
			isa = PBXGroup;
			children = (
				B4640B922438685F0060B0B2 /* Quote Guru.app */,
			);
			name = Products;
			sourceTree = "<group>";
		};
		B4640B942438685F0060B0B2 /* Quotes */ = {
			isa = PBXGroup;
			children = (
				B4640B95243868600060B0B2 /* AppDelegate.swift */,
				B4640B97243868600060B0B2 /* SceneDelegate.swift */,
				B4640B99243868600060B0B2 /* ContentView.swift */,
				B48D3FAA243A2660006B623E /* QuoteInput.swift */,
				B4AA4BB1244439DD0055A20F /* QuoteList.swift */,
				B4640B9B243868610060B0B2 /* Assets.xcassets */,
				B4640BA0243868610060B0B2 /* LaunchScreen.storyboard */,
				B4640BA3243868610060B0B2 /* Info.plist */,
				B4640B9D243868610060B0B2 /* Preview Content */,
			);
			path = Quotes;
			sourceTree = "<group>";
		};
		B4640B9D243868610060B0B2 /* Preview Content */ = {
			isa = PBXGroup;
			children = (
				B4640B9E243868610060B0B2 /* Preview Assets.xcassets */,
			);
			path = "Preview Content";
			sourceTree = "<group>";
		};
/* End PBXGroup section */

/* Begin PBXNativeTarget section */
		B4640B912438685F0060B0B2 /* Quotes */ = {
			isa = PBXNativeTarget;
			buildConfigurationList = B4640BA6243868610060B0B2 /* Build configuration list for PBXNativeTarget "Quotes" */;
			buildPhases = (
				B4640B8E2438685F0060B0B2 /* Sources */,
				B4640B8F2438685F0060B0B2 /* Frameworks */,
				B4640B902438685F0060B0B2 /* Resources */,
			);
			buildRules = (
			);
			dependencies = (
			);
			name = Quotes;
			productName = Quotes;
			productReference = B4640B922438685F0060B0B2 /* Quote Guru.app */;
			productType = "com.apple.product-type.application";
		};
/* End PBXNativeTarget section */

/* Begin PBXProject section */
		B4640B8A2438685F0060B0B2 /* Project object */ = {
			isa = PBXProject;
			attributes = {
				LastSwiftUpdateCheck = 1140;
				LastUpgradeCheck = 1140;
				ORGANIZATIONNAME = "Minho Choi";
				TargetAttributes = {
					B4640B912438685F0060B0B2 = {
						CreatedOnToolsVersion = 11.4;
					};
				};
			};
			buildConfigurationList = B4640B8D2438685F0060B0B2 /* Build configuration list for PBXProject "Quotes" */;
			compatibilityVersion = "Xcode 9.3";
			developmentRegion = en;
			hasScannedForEncodings = 0;
			knownRegions = (
				en,
				Base,
			);
			mainGroup = B4640B892438685F0060B0B2;
			productRefGroup = B4640B932438685F0060B0B2 /* Products */;
			projectDirPath = "";
			projectRoot = "";
			targets = (
				B4640B912438685F0060B0B2 /* Quotes */,
			);
		};
/* End PBXProject section */

/* Begin PBXResourcesBuildPhase section */
		B4640B902438685F0060B0B2 /* Resources */ = {
			isa = PBXResourcesBuildPhase;
			buildActionMask = 2147483647;
			files = (
				B4640BA2243868610060B0B2 /* LaunchScreen.storyboard in Resources */,
				B4640B9F243868610060B0B2 /* Preview Assets.xcassets in Resources */,
				B4640B9C243868610060B0B2 /* Assets.xcassets in Resources */,
			);
			runOnlyForDeploymentPostprocessing = 0;
		};
/* End PBXResourcesBuildPhase section */

/* Begin PBXSourcesBuildPhase section */
		B4640B8E2438685F0060B0B2 /* Sources */ = {
			isa = PBXSourcesBuildPhase;
			buildActionMask = 2147483647;
			files = (
				B4AA4BB2244439DD0055A20F /* QuoteList.swift in Sources */,
				B4640B96243868600060B0B2 /* AppDelegate.swift in Sources */,
				B4640B98243868600060B0B2 /* SceneDelegate.swift in Sources */,
				B4640B9A243868600060B0B2 /* ContentView.swift in Sources */,
				B48D3FAB243A2660006B623E /* QuoteInput.swift in Sources */,
			);
			runOnlyForDeploymentPostprocessing = 0;
		};
/* End PBXSourcesBuildPhase section */

/* Begin PBXVariantGroup section */
		B4640BA0243868610060B0B2 /* LaunchScreen.storyboard */ = {
			isa = PBXVariantGroup;
			children = (
				B4640BA1243868610060B0B2 /* Base */,
			);
			name = LaunchScreen.storyboard;
			sourceTree = "<group>";
		};
/* End PBXVariantGroup section */

/* Begin XCBuildConfiguration section */
		B4640BA4243868610060B0B2 /* Debug */ = {
			isa = XCBuildConfiguration;
			buildSettings = {
				ALWAYS_SEARCH_USER_PATHS = NO;
				CLANG_ANALYZER_NONNULL = YES;
				CLANG_ANALYZER_NUMBER_OBJECT_CONVERSION = YES_AGGRESSIVE;
				CLANG_CXX_LANGUAGE_STANDARD = "gnu++14";
				CLANG_CXX_LIBRARY = "libc++";
				CLANG_ENABLE_MODULES = YES;
				CLANG_ENABLE_OBJC_ARC = YES;
				CLANG_ENABLE_OBJC_WEAK = YES;
				CLANG_WARN_BLOCK_CAPTURE_AUTORELEASING = YES;
				CLANG_WARN_BOOL_CONVERSION = YES;
				CLANG_WARN_COMMA = YES;
				CLANG_WARN_CONSTANT_CONVERSION = YES;
				CLANG_WARN_DEPRECATED_OBJC_IMPLEMENTATIONS = YES;
				CLANG_WARN_DIRECT_OBJC_ISA_USAGE = YES_ERROR;
				CLANG_WARN_DOCUMENTATION_COMMENTS = YES;
				CLANG_WARN_EMPTY_BODY = YES;
				CLANG_WARN_ENUM_CONVERSION = YES;
				CLANG_WARN_INFINITE_RECURSION = YES;
				CLANG_WARN_INT_CONVERSION = YES;
				CLANG_WARN_NON_LITERAL_NULL_CONVERSION = YES;
				CLANG_WARN_OBJC_IMPLICIT_RETAIN_SELF = YES;
				CLANG_WARN_OBJC_LITERAL_CONVERSION = YES;
				CLANG_WARN_OBJC_ROOT_CLASS = YES_ERROR;
				CLANG_WARN_RANGE_LOOP_ANALYSIS = YES;
				CLANG_WARN_STRICT_PROTOTYPES = YES;
				CLANG_WARN_SUSPICIOUS_MOVE = YES;
				CLANG_WARN_UNGUARDED_AVAILABILITY = YES_AGGRESSIVE;
				CLANG_WARN_UNREACHABLE_CODE = YES;
				CLANG_WARN__DUPLICATE_METHOD_MATCH = YES;
				COPY_PHASE_STRIP = NO;
				DEBUG_INFORMATION_FORMAT = dwarf;
				ENABLE_STRICT_OBJC_MSGSEND = YES;
				ENABLE_TESTABILITY = YES;
				GCC_C_LANGUAGE_STANDARD = gnu11;
				GCC_DYNAMIC_NO_PIC = NO;
				GCC_NO_COMMON_BLOCKS = YES;
				GCC_OPTIMIZATION_LEVEL = 0;
				GCC_PREPROCESSOR_DEFINITIONS = (
					"DEBUG=1",
					"$(inherited)",
				);
				GCC_WARN_64_TO_32_BIT_CONVERSION = YES;
				GCC_WARN_ABOUT_RETURN_TYPE = YES_ERROR;
				GCC_WARN_UNDECLARED_SELECTOR = YES;
				GCC_WARN_UNINITIALIZED_AUTOS = YES_AGGRESSIVE;
				GCC_WARN_UNUSED_FUNCTION = YES;
				GCC_WARN_UNUSED_VARIABLE = YES;
				IPHONEOS_DEPLOYMENT_TARGET = 13.4;
				MTL_ENABLE_DEBUG_INFO = INCLUDE_SOURCE;
				MTL_FAST_MATH = YES;
				ONLY_ACTIVE_ARCH = YES;
				SDKROOT = iphoneos;
				SWIFT_ACTIVE_COMPILATION_CONDITIONS = DEBUG;
				SWIFT_OPTIMIZATION_LEVEL = "-Onone";
			};
			name = Debug;
		};
		B4640BA5243868610060B0B2 /* Release */ = {
			isa = XCBuildConfiguration;
			buildSettings = {
				ALWAYS_SEARCH_USER_PATHS = NO;
				CLANG_ANALYZER_NONNULL = YES;
				CLANG_ANALYZER_NUMBER_OBJECT_CONVERSION = YES_AGGRESSIVE;
				CLANG_CXX_LANGUAGE_STANDARD = "gnu++14";
				CLANG_CXX_LIBRARY = "libc++";
				CLANG_ENABLE_MODULES = YES;
				CLANG_ENABLE_OBJC_ARC = YES;
				CLANG_ENABLE_OBJC_WEAK = YES;
				CLANG_WARN_BLOCK_CAPTURE_AUTORELEASING = YES;
				CLANG_WARN_BOOL_CONVERSION = YES;
				CLANG_WARN_COMMA = YES;
				CLANG_WARN_CONSTANT_CONVERSION = YES;
				CLANG_WARN_DEPRECATED_OBJC_IMPLEMENTATIONS = YES;
				CLANG_WARN_DIRECT_OBJC_ISA_USAGE = YES_ERROR;
				CLANG_WARN_DOCUMENTATION_COMMENTS = YES;
				CLANG_WARN_EMPTY_BODY = YES;
				CLANG_WARN_ENUM_CONVERSION = YES;
				CLANG_WARN_INFINITE_RECURSION = YES;
				CLANG_WARN_INT_CONVERSION = YES;
				CLANG_WARN_NON_LITERAL_NULL_CONVERSION = YES;
				CLANG_WARN_OBJC_IMPLICIT_RETAIN_SELF = YES;
				CLANG_WARN_OBJC_LITERAL_CONVERSION = YES;
				CLANG_WARN_OBJC_ROOT_CLASS = YES_ERROR;
				CLANG_WARN_RANGE_LOOP_ANALYSIS = YES;
				CLANG_WARN_STRICT_PROTOTYPES = YES;
				CLANG_WARN_SUSPICIOUS_MOVE = YES;
				CLANG_WARN_UNGUARDED_AVAILABILITY = YES_AGGRESSIVE;
				CLANG_WARN_UNREACHABLE_CODE = YES;
				CLANG_WARN__DUPLICATE_METHOD_MATCH = YES;
				COPY_PHASE_STRIP = NO;
				DEBUG_INFORMATION_FORMAT = "dwarf-with-dsym";
				ENABLE_NS_ASSERTIONS = NO;
				ENABLE_STRICT_OBJC_MSGSEND = YES;
				GCC_C_LANGUAGE_STANDARD = gnu11;
				GCC_NO_COMMON_BLOCKS = YES;
				GCC_WARN_64_TO_32_BIT_CONVERSION = YES;
				GCC_WARN_ABOUT_RETURN_TYPE = YES_ERROR;
				GCC_WARN_UNDECLARED_SELECTOR = YES;
				GCC_WARN_UNINITIALIZED_AUTOS = YES_AGGRESSIVE;
				GCC_WARN_UNUSED_FUNCTION = YES;
				GCC_WARN_UNUSED_VARIABLE = YES;
				IPHONEOS_DEPLOYMENT_TARGET = 13.4;
				MTL_ENABLE_DEBUG_INFO = NO;
				MTL_FAST_MATH = YES;
				SDKROOT = iphoneos;
				SWIFT_COMPILATION_MODE = wholemodule;
				SWIFT_OPTIMIZATION_LEVEL = "-O";
				VALIDATE_PRODUCT = YES;
			};
			name = Release;
		};
		B4640BA7243868610060B0B2 /* Debug */ = {
			isa = XCBuildConfiguration;
			buildSettings = {
				ASSETCATALOG_COMPILER_APPICON_NAME = AppIcon;
				CODE_SIGN_STYLE = Automatic;
				DEVELOPMENT_ASSET_PATHS = "\"Quotes/Preview Content\"";
				DEVELOPMENT_TEAM = 6VJYHQVG2L;
				ENABLE_PREVIEWS = YES;
				INFOPLIST_FILE = Quotes/Info.plist;
				LD_RUNPATH_SEARCH_PATHS = (
					"$(inherited)",
					"@executable_path/Frameworks",
				);
				PRODUCT_BUNDLE_IDENTIFIER = com.Quotes123;
				PRODUCT_NAME = "Quote Guru";
				SWIFT_VERSION = 5.0;
				TARGETED_DEVICE_FAMILY = "1,2";
			};
			name = Debug;
		};
		B4640BA8243868610060B0B2 /* Release */ = {
			isa = XCBuildConfiguration;
			buildSettings = {
				ASSETCATALOG_COMPILER_APPICON_NAME = AppIcon;
				CODE_SIGN_STYLE = Automatic;
				DEVELOPMENT_ASSET_PATHS = "\"Quotes/Preview Content\"";
				DEVELOPMENT_TEAM = 6VJYHQVG2L;
				ENABLE_PREVIEWS = YES;
				INFOPLIST_FILE = Quotes/Info.plist;
				LD_RUNPATH_SEARCH_PATHS = (
					"$(inherited)",
					"@executable_path/Frameworks",
				);
				PRODUCT_BUNDLE_IDENTIFIER = com.Quotes123;
				PRODUCT_NAME = "Quote Guru";
				SWIFT_VERSION = 5.0;
				TARGETED_DEVICE_FAMILY = "1,2";
			};
			name = Release;
		};
/* End XCBuildConfiguration section */

/* Begin XCConfigurationList section */
		B4640B8D2438685F0060B0B2 /* Build configuration list for PBXProject "Quotes" */ = {
			isa = XCConfigurationList;
			buildConfigurations = (
				B4640BA4243868610060B0B2 /* Debug */,
				B4640BA5243868610060B0B2 /* Release */,
			);
			defaultConfigurationIsVisible = 0;
			defaultConfigurationName = Release;
		};
		B4640BA6243868610060B0B2 /* Build configuration list for PBXNativeTarget "Quotes" */ = {
			isa = XCConfigurationList;
			buildConfigurations = (
				B4640BA7243868610060B0B2 /* Debug */,
				B4640BA8243868610060B0B2 /* Release */,
			);
			defaultConfigurationIsVisible = 0;
			defaultConfigurationName = Release;
		};
/* End XCConfigurationList section */
	};
	rootObject = B4640B8A2438685F0060B0B2 /* Project object */;
}
